
Microsoft Visual Studio Solution File, Format Version 12.00
# Visual Studio 15
VisualStudioVersion = 15.0.28307.438
MinimumVisualStudioVersion = 10.0.40219.1
Project("{FAE04EC0-301F-11D3-BF4B-00C04F79EFBC}") = "LibraryCatalogConsole", "LibraryCatalogConsole\LibraryCatalogConsole.csproj", "{D5663710-50EC-48C7-9C45-08B0B18A935F}"
EndProject
Project("{FAE04EC0-301F-11D3-BF4B-00C04F79EFBC}") = "LibraryCatalogWebApp", "LibraryCatalogWebApp\LibraryCatalogWebApp.csproj", "{0D818568-4856-42CB-87AB-F1FFFE29CA65}"
EndProject
Global
	GlobalSection(SolutionConfigurationPlatforms) = preSolution
		Debug|Any CPU = Debug|Any CPU
		Release|Any CPU = Release|Any CPU
	EndGlobalSection
	GlobalSection(ProjectConfigurationPlatforms) = postSolution
		{D5663710-50EC-48C7-9C45-08B0B18A935F}.Debug|Any CPU.ActiveCfg = Debug|Any CPU
		{D5663710-50EC-48C7-9C45-08B0B18A935F}.Debug|Any CPU.Build.0 = Debug|Any CPU
		{D5663710-50EC-48C7-9C45-08B0B18A935F}.Release|Any CPU.ActiveCfg = Release|Any CPU
		{D5663710-50EC-48C7-9C45-08B0B18A935F}.Release|Any CPU.Build.0 = Release|Any CPU
		{0D818568-4856-42CB-87AB-F1FFFE29CA65}.Debug|Any CPU.ActiveCfg = Debug|Any CPU
		{0D818568-4856-42CB-87AB-F1FFFE29CA65}.Debug|Any CPU.Build.0 = Debug|Any CPU
		{0D818568-4856-42CB-87AB-F1FFFE29CA65}.Release|Any CPU.ActiveCfg = Release|Any CPU
		{0D818568-4856-42CB-87AB-F1FFFE29CA65}.Release|Any CPU.Build.0 = Release|Any CPU
	EndGlobalSection
	GlobalSection(SolutionProperties) = preSolution
		HideSolutionNode = FALSE
	EndGlobalSection
	GlobalSection(ExtensibilityGlobals) = postSolution
		SolutionGuid = {1A04E310-9285-4281-A623-B19C151F0243}
	EndGlobalSection
EndGlobal
